
Microsoft Visual Studio Solution File, Format Version 12.00
# Visual Studio Version 16
VisualStudioVersion = 16.0.30717.126
MinimumVisualStudioVersion = 10.0.40219.1
Project("{FAE04EC0-301F-11D3-BF4B-00C04F79EFBC}") = "BookApp", "BookApp.csproj", "{A2E71A50-A547-49B8-9F97-9ABE0B319ED3}"
EndProject
Global
	GlobalSection(SolutionConfigurationPlatforms) = preSolution
		Debug|Any CPU = Debug|Any CPU
		Release|Any CPU = Release|Any CPU
	EndGlobalSection
	GlobalSection(ProjectConfigurationPlatforms) = postSolution
		{A2E71A50-A547-49B8-9F97-9ABE0B319ED3}.Debug|Any CPU.ActiveCfg = Debug|Any CPU
		{A2E71A50-A547-49B8-9F97-9ABE0B319ED3}.Debug|Any CPU.Build.0 = Debug|Any CPU
		{A2E71A50-A547-49B8-9F97-9ABE0B319ED3}.Release|Any CPU.ActiveCfg = Release|Any CPU
		{A2E71A50-A547-49B8-9F97-9ABE0B319ED3}.Release|Any CPU.Build.0 = Release|Any CPU
	EndGlobalSection
	GlobalSection(SolutionProperties) = preSolution
		HideSolutionNode = FALSE
	EndGlobalSection
	GlobalSection(ExtensibilityGlobals) = postSolution
		SolutionGuid = {0CBB5835-E652-4EF3-BE86-345A9F23AD9E}
	EndGlobalSection
EndGlobal
